
Microsoft Visual Studio Solution File, Format Version 12.00
# Visual Studio Version 16
VisualStudioVersion = 16.0.31729.503
MinimumVisualStudioVersion = 10.0.40219.1
Project("{FAE04EC0-301F-11D3-BF4B-00C04F79EFBC}") = "P.01.Trains", "P.01\P.01.Trains.csproj", "{EEC0AB1F-F743-4F03-984C-8397792DDFF4}"
EndProject
Project("{FAE04EC0-301F-11D3-BF4B-00C04F79EFBC}") = "P02.ConditionalExpressionResolver", "P02.ConditionalExpressionResolver\P02.ConditionalExpressionResolver.csproj", "{6B9402A6-6237-4F2D-A7F6-469C1985F096}"
EndProject
Project("{FAE04EC0-301F-11D3-BF4B-00C04F79EFBC}") = "P03.Guards", "P03.Guards\P03.Guards.csproj", "{6FF9B002-0813-48AB-ABE4-280011406512}"
EndProject
Global
	GlobalSection(SolutionConfigurationPlatforms) = preSolution
		Debug|Any CPU = Debug|Any CPU
		Release|Any CPU = Release|Any CPU
	EndGlobalSection
	GlobalSection(ProjectConfigurationPlatforms) = postSolution
		{EEC0AB1F-F743-4F03-984C-8397792DDFF4}.Debug|Any CPU.ActiveCfg = Debug|Any CPU
		{EEC0AB1F-F743-4F03-984C-8397792DDFF4}.Debug|Any CPU.Build.0 = Debug|Any CPU
		{EEC0AB1F-F743-4F03-984C-8397792DDFF4}.Release|Any CPU.ActiveCfg = Release|Any CPU
		{EEC0AB1F-F743-4F03-984C-8397792DDFF4}.Release|Any CPU.Build.0 = Release|Any CPU
		{6B9402A6-6237-4F2D-A7F6-469C1985F096}.Debug|Any CPU.ActiveCfg = Debug|Any CPU
		{6B9402A6-6237-4F2D-A7F6-469C1985F096}.Debug|Any CPU.Build.0 = Debug|Any CPU
		{6B9402A6-6237-4F2D-A7F6-469C1985F096}.Release|Any CPU.ActiveCfg = Release|Any CPU
		{6B9402A6-6237-4F2D-A7F6-469C1985F096}.Release|Any CPU.Build.0 = Release|Any CPU
		{6FF9B002-0813-48AB-ABE4-280011406512}.Debug|Any CPU.ActiveCfg = Debug|Any CPU
		{6FF9B002-0813-48AB-ABE4-280011406512}.Debug|Any CPU.Build.0 = Debug|Any CPU
		{6FF9B002-0813-48AB-ABE4-280011406512}.Release|Any CPU.ActiveCfg = Release|Any CPU
		{6FF9B002-0813-48AB-ABE4-280011406512}.Release|Any CPU.Build.0 = Release|Any CPU
	EndGlobalSection
	GlobalSection(SolutionProperties) = preSolution
		HideSolutionNode = FALSE
	EndGlobalSection
	GlobalSection(ExtensibilityGlobals) = postSolution
		SolutionGuid = {22ACCEDB-5A8A-41BD-BF0D-E8790B7F3B6B}
	EndGlobalSection
EndGlobal
