
Microsoft Visual Studio Solution File, Format Version 12.00
# Visual Studio Version 16
VisualStudioVersion = 16.0.31729.503
MinimumVisualStudioVersion = 10.0.40219.1
Project("{9A19103F-16F7-4668-BE54-9A1E7A4F7556}") = "PersonInfo", "PersonInfo\PersonInfo.csproj", "{A1233D59-7D59-42E3-BD42-2DDB8BA9C7DA}"
EndProject
Project("{9A19103F-16F7-4668-BE54-9A1E7A4F7556}") = "Telephony", "Telephony\Telephony.csproj", "{8D232F3D-A95C-47F4-A565-EE197D366323}"
EndProject
Project("{9A19103F-16F7-4668-BE54-9A1E7A4F7556}") = "BorderControl", "BorderControl\BorderControl.csproj", "{87DD1812-B37F-4816-AF94-EED33CA7F6A0}"
EndProject
Global
	GlobalSection(SolutionConfigurationPlatforms) = preSolution
		Debug|Any CPU = Debug|Any CPU
		Release|Any CPU = Release|Any CPU
	EndGlobalSection
	GlobalSection(ProjectConfigurationPlatforms) = postSolution
		{A1233D59-7D59-42E3-BD42-2DDB8BA9C7DA}.Debug|Any CPU.ActiveCfg = Debug|Any CPU
		{A1233D59-7D59-42E3-BD42-2DDB8BA9C7DA}.Debug|Any CPU.Build.0 = Debug|Any CPU
		{A1233D59-7D59-42E3-BD42-2DDB8BA9C7DA}.Release|Any CPU.ActiveCfg = Release|Any CPU
		{A1233D59-7D59-42E3-BD42-2DDB8BA9C7DA}.Release|Any CPU.Build.0 = Release|Any CPU
		{8D232F3D-A95C-47F4-A565-EE197D366323}.Debug|Any CPU.ActiveCfg = Debug|Any CPU
		{8D232F3D-A95C-47F4-A565-EE197D366323}.Debug|Any CPU.Build.0 = Debug|Any CPU
		{8D232F3D-A95C-47F4-A565-EE197D366323}.Release|Any CPU.ActiveCfg = Release|Any CPU
		{8D232F3D-A95C-47F4-A565-EE197D366323}.Release|Any CPU.Build.0 = Release|Any CPU
		{87DD1812-B37F-4816-AF94-EED33CA7F6A0}.Debug|Any CPU.ActiveCfg = Debug|Any CPU
		{87DD1812-B37F-4816-AF94-EED33CA7F6A0}.Debug|Any CPU.Build.0 = Debug|Any CPU
		{87DD1812-B37F-4816-AF94-EED33CA7F6A0}.Release|Any CPU.ActiveCfg = Release|Any CPU
		{87DD1812-B37F-4816-AF94-EED33CA7F6A0}.Release|Any CPU.Build.0 = Release|Any CPU
	EndGlobalSection
	GlobalSection(SolutionProperties) = preSolution
		HideSolutionNode = FALSE
	EndGlobalSection
	GlobalSection(ExtensibilityGlobals) = postSolution
		SolutionGuid = {E7A93F19-A619-4E14-9BDE-CF8F05DC9243}
	EndGlobalSection
EndGlobal
