
Microsoft Visual Studio Solution File, Format Version 12.00
# Visual Studio Version 16
VisualStudioVersion = 16.0.31729.503
MinimumVisualStudioVersion = 10.0.40219.1
Project("{FAE04EC0-301F-11D3-BF4B-00C04F79EFBC}") = "P01. The Biscuit Factory", "P01. The Biscuit Factory\P01. The Biscuit Factory.csproj", "{D9070106-3158-4A42-925E-69236FD89639}"
EndProject
Project("{FAE04EC0-301F-11D3-BF4B-00C04F79EFBC}") = "P02. Friend List Maintenance", "P02. Friend List Maintenance\P02. Friend List Maintenance.csproj", "{041B7677-C7F3-441E-8FC5-84A07BFB6D31}"
EndProject
Project("{FAE04EC0-301F-11D3-BF4B-00C04F79EFBC}") = "P03.Phone Shop", "P03.Phone Shop\P03.Phone Shop.csproj", "{62B3A2E1-0466-4E23-A1C9-0B415A7AB983}"
EndProject
Global
	GlobalSection(SolutionConfigurationPlatforms) = preSolution
		Debug|Any CPU = Debug|Any CPU
		Release|Any CPU = Release|Any CPU
	EndGlobalSection
	GlobalSection(ProjectConfigurationPlatforms) = postSolution
		{D9070106-3158-4A42-925E-69236FD89639}.Debug|Any CPU.ActiveCfg = Debug|Any CPU
		{D9070106-3158-4A42-925E-69236FD89639}.Debug|Any CPU.Build.0 = Debug|Any CPU
		{D9070106-3158-4A42-925E-69236FD89639}.Release|Any CPU.ActiveCfg = Release|Any CPU
		{D9070106-3158-4A42-925E-69236FD89639}.Release|Any CPU.Build.0 = Release|Any CPU
		{041B7677-C7F3-441E-8FC5-84A07BFB6D31}.Debug|Any CPU.ActiveCfg = Debug|Any CPU
		{041B7677-C7F3-441E-8FC5-84A07BFB6D31}.Debug|Any CPU.Build.0 = Debug|Any CPU
		{041B7677-C7F3-441E-8FC5-84A07BFB6D31}.Release|Any CPU.ActiveCfg = Release|Any CPU
		{041B7677-C7F3-441E-8FC5-84A07BFB6D31}.Release|Any CPU.Build.0 = Release|Any CPU
		{62B3A2E1-0466-4E23-A1C9-0B415A7AB983}.Debug|Any CPU.ActiveCfg = Debug|Any CPU
		{62B3A2E1-0466-4E23-A1C9-0B415A7AB983}.Debug|Any CPU.Build.0 = Debug|Any CPU
		{62B3A2E1-0466-4E23-A1C9-0B415A7AB983}.Release|Any CPU.ActiveCfg = Release|Any CPU
		{62B3A2E1-0466-4E23-A1C9-0B415A7AB983}.Release|Any CPU.Build.0 = Release|Any CPU
	EndGlobalSection
	GlobalSection(SolutionProperties) = preSolution
		HideSolutionNode = FALSE
	EndGlobalSection
	GlobalSection(ExtensibilityGlobals) = postSolution
		SolutionGuid = {0EAE8A54-FF9C-4BC7-8B86-3290A2F3434B}
	EndGlobalSection
EndGlobal
