
Microsoft Visual Studio Solution File, Format Version 12.00
# Visual Studio Version 16
VisualStudioVersion = 16.0.31729.503
MinimumVisualStudioVersion = 10.0.40219.1
Project("{FAE04EC0-301F-11D3-BF4B-00C04F79EFBC}") = "P01. Ranking", "P01. Ranking\P01. Ranking.csproj", "{CC4B1A8E-96F0-4709-9100-AA4D06EE9236}"
EndProject
Global
	GlobalSection(SolutionConfigurationPlatforms) = preSolution
		Debug|Any CPU = Debug|Any CPU
		Release|Any CPU = Release|Any CPU
	EndGlobalSection
	GlobalSection(ProjectConfigurationPlatforms) = postSolution
		{CC4B1A8E-96F0-4709-9100-AA4D06EE9236}.Debug|Any CPU.ActiveCfg = Debug|Any CPU
		{CC4B1A8E-96F0-4709-9100-AA4D06EE9236}.Debug|Any CPU.Build.0 = Debug|Any CPU
		{CC4B1A8E-96F0-4709-9100-AA4D06EE9236}.Release|Any CPU.ActiveCfg = Release|Any CPU
		{CC4B1A8E-96F0-4709-9100-AA4D06EE9236}.Release|Any CPU.Build.0 = Release|Any CPU
	EndGlobalSection
	GlobalSection(SolutionProperties) = preSolution
		HideSolutionNode = FALSE
	EndGlobalSection
	GlobalSection(ExtensibilityGlobals) = postSolution
		SolutionGuid = {F5A03A05-190E-4D37-AF91-15B6C35CECD9}
	EndGlobalSection
EndGlobal
