
Microsoft Visual Studio Solution File, Format Version 12.00
# Visual Studio Version 16
VisualStudioVersion = 16.0.31729.503
MinimumVisualStudioVersion = 10.0.40219.1
Project("{FAE04EC0-301F-11D3-BF4B-00C04F79EFBC}") = "P01. Data Types", "P01. Data Types\P01. Data Types.csproj", "{6530A6B2-98BD-4A3D-899E-E27B3DAFFEE1}"
EndProject
Project("{FAE04EC0-301F-11D3-BF4B-00C04F79EFBC}") = "P02. Center Point", "P02. Center Point\P02. Center Point.csproj", "{B29EFEC6-6EC4-4014-9225-88E4615F56C9}"
EndProject
Project("{FAE04EC0-301F-11D3-BF4B-00C04F79EFBC}") = "P03. Longer Line", "P03. Longer Line\P03. Longer Line.csproj", "{E3003329-C7B9-409B-8727-8251F282B6CF}"
EndProject
Project("{FAE04EC0-301F-11D3-BF4B-00C04F79EFBC}") = "P04. Tribonacci Sequence", "P04. Tribonacci Sequence\P04. Tribonacci Sequence.csproj", "{2BA1F104-D2FA-4F03-9878-8A91EC82865B}"
EndProject
Project("{FAE04EC0-301F-11D3-BF4B-00C04F79EFBC}") = "P05. Multiplication Sign", "P05. Multiplication Sign\P05. Multiplication Sign.csproj", "{7189FBA0-133D-4F56-95EB-D285BA445650}"
EndProject
Global
	GlobalSection(SolutionConfigurationPlatforms) = preSolution
		Debug|Any CPU = Debug|Any CPU
		Release|Any CPU = Release|Any CPU
	EndGlobalSection
	GlobalSection(ProjectConfigurationPlatforms) = postSolution
		{6530A6B2-98BD-4A3D-899E-E27B3DAFFEE1}.Debug|Any CPU.ActiveCfg = Debug|Any CPU
		{6530A6B2-98BD-4A3D-899E-E27B3DAFFEE1}.Debug|Any CPU.Build.0 = Debug|Any CPU
		{6530A6B2-98BD-4A3D-899E-E27B3DAFFEE1}.Release|Any CPU.ActiveCfg = Release|Any CPU
		{6530A6B2-98BD-4A3D-899E-E27B3DAFFEE1}.Release|Any CPU.Build.0 = Release|Any CPU
		{B29EFEC6-6EC4-4014-9225-88E4615F56C9}.Debug|Any CPU.ActiveCfg = Debug|Any CPU
		{B29EFEC6-6EC4-4014-9225-88E4615F56C9}.Debug|Any CPU.Build.0 = Debug|Any CPU
		{B29EFEC6-6EC4-4014-9225-88E4615F56C9}.Release|Any CPU.ActiveCfg = Release|Any CPU
		{B29EFEC6-6EC4-4014-9225-88E4615F56C9}.Release|Any CPU.Build.0 = Release|Any CPU
		{E3003329-C7B9-409B-8727-8251F282B6CF}.Debug|Any CPU.ActiveCfg = Debug|Any CPU
		{E3003329-C7B9-409B-8727-8251F282B6CF}.Debug|Any CPU.Build.0 = Debug|Any CPU
		{E3003329-C7B9-409B-8727-8251F282B6CF}.Release|Any CPU.ActiveCfg = Release|Any CPU
		{E3003329-C7B9-409B-8727-8251F282B6CF}.Release|Any CPU.Build.0 = Release|Any CPU
		{2BA1F104-D2FA-4F03-9878-8A91EC82865B}.Debug|Any CPU.ActiveCfg = Debug|Any CPU
		{2BA1F104-D2FA-4F03-9878-8A91EC82865B}.Debug|Any CPU.Build.0 = Debug|Any CPU
		{2BA1F104-D2FA-4F03-9878-8A91EC82865B}.Release|Any CPU.ActiveCfg = Release|Any CPU
		{2BA1F104-D2FA-4F03-9878-8A91EC82865B}.Release|Any CPU.Build.0 = Release|Any CPU
		{7189FBA0-133D-4F56-95EB-D285BA445650}.Debug|Any CPU.ActiveCfg = Debug|Any CPU
		{7189FBA0-133D-4F56-95EB-D285BA445650}.Debug|Any CPU.Build.0 = Debug|Any CPU
		{7189FBA0-133D-4F56-95EB-D285BA445650}.Release|Any CPU.ActiveCfg = Release|Any CPU
		{7189FBA0-133D-4F56-95EB-D285BA445650}.Release|Any CPU.Build.0 = Release|Any CPU
	EndGlobalSection
	GlobalSection(SolutionProperties) = preSolution
		HideSolutionNode = FALSE
	EndGlobalSection
	GlobalSection(ExtensibilityGlobals) = postSolution
		SolutionGuid = {A1A621F9-702A-45EE-9465-2C01F439D79F}
	EndGlobalSection
EndGlobal
