
Microsoft Visual Studio Solution File, Format Version 12.00
# Visual Studio Version 16
VisualStudioVersion = 16.0.31729.503
MinimumVisualStudioVersion = 10.0.40219.1
Project("{FAE04EC0-301F-11D3-BF4B-00C04F79EFBC}") = "P01. Sum of GCP and LCM", "P01. Sum of GCP and LCM\P01. Sum of GCP and LCM.csproj", "{A41AA3EC-5A15-4716-A68F-8A434D942DC4}"
EndProject
Project("{FAE04EC0-301F-11D3-BF4B-00C04F79EFBC}") = "P02. Coffee Cups", "P02. Coffee Cups\P02. Coffee Cups.csproj", "{B986339D-0EF4-470F-AC02-75206CA174CA}"
EndProject
Project("{FAE04EC0-301F-11D3-BF4B-00C04F79EFBC}") = "P03. Sorted Array", "P03. Sorted Array\P03. Sorted Array.csproj", "{396EFDC2-5209-48A8-9BEA-E151DE1BBA95}"
EndProject
Project("{FAE04EC0-301F-11D3-BF4B-00C04F79EFBC}") = "P04. Spiral Matrix", "P04. Spiral Matrix\P04. Spiral Matrix.csproj", "{3281BB31-B15D-48E7-9D6E-E579B54CEDCC}"
EndProject
Project("{FAE04EC0-301F-11D3-BF4B-00C04F79EFBC}") = "P05. Happy Three Friends", "P05. Happy Three Friends\P05. Happy Three Friends.csproj", "{AC79F854-EAF2-40EB-862E-BFF38CCF9ED2}"
EndProject
Project("{FAE04EC0-301F-11D3-BF4B-00C04F79EFBC}") = "P06. Placeholder", "P06. Placeholder\P06. Placeholder.csproj", "{2775E210-92E6-4727-8DBB-18DD6D75C255}"
EndProject
Project("{FAE04EC0-301F-11D3-BF4B-00C04F79EFBC}") = "P07. Wires", "P07. Wires\P07. Wires.csproj", "{0115A7D7-CE38-451C-80EA-1F11E546AFEC}"
EndProject
Project("{FAE04EC0-301F-11D3-BF4B-00C04F79EFBC}") = "P08. Satelites", "P08. Satelites\P08. Satelites.csproj", "{C3176EEB-1046-4EDD-855E-BBF4EB252A73}"
EndProject
Project("{FAE04EC0-301F-11D3-BF4B-00C04F79EFBC}") = "P09. Nanobodies", "P09. Nanobodies\P09. Nanobodies.csproj", "{43096890-B596-43B2-A039-DB230DB6195D}"
EndProject
Project("{FAE04EC0-301F-11D3-BF4B-00C04F79EFBC}") = "P10. Among Us", "P10. Among Us\P10. Among Us.csproj", "{A5F41A3E-7B54-47E6-B1D5-37D3DD130CAF}"
EndProject
Global
	GlobalSection(SolutionConfigurationPlatforms) = preSolution
		Debug|Any CPU = Debug|Any CPU
		Release|Any CPU = Release|Any CPU
	EndGlobalSection
	GlobalSection(ProjectConfigurationPlatforms) = postSolution
		{A41AA3EC-5A15-4716-A68F-8A434D942DC4}.Debug|Any CPU.ActiveCfg = Debug|Any CPU
		{A41AA3EC-5A15-4716-A68F-8A434D942DC4}.Debug|Any CPU.Build.0 = Debug|Any CPU
		{A41AA3EC-5A15-4716-A68F-8A434D942DC4}.Release|Any CPU.ActiveCfg = Release|Any CPU
		{A41AA3EC-5A15-4716-A68F-8A434D942DC4}.Release|Any CPU.Build.0 = Release|Any CPU
		{B986339D-0EF4-470F-AC02-75206CA174CA}.Debug|Any CPU.ActiveCfg = Debug|Any CPU
		{B986339D-0EF4-470F-AC02-75206CA174CA}.Debug|Any CPU.Build.0 = Debug|Any CPU
		{B986339D-0EF4-470F-AC02-75206CA174CA}.Release|Any CPU.ActiveCfg = Release|Any CPU
		{B986339D-0EF4-470F-AC02-75206CA174CA}.Release|Any CPU.Build.0 = Release|Any CPU
		{396EFDC2-5209-48A8-9BEA-E151DE1BBA95}.Debug|Any CPU.ActiveCfg = Debug|Any CPU
		{396EFDC2-5209-48A8-9BEA-E151DE1BBA95}.Debug|Any CPU.Build.0 = Debug|Any CPU
		{396EFDC2-5209-48A8-9BEA-E151DE1BBA95}.Release|Any CPU.ActiveCfg = Release|Any CPU
		{396EFDC2-5209-48A8-9BEA-E151DE1BBA95}.Release|Any CPU.Build.0 = Release|Any CPU
		{3281BB31-B15D-48E7-9D6E-E579B54CEDCC}.Debug|Any CPU.ActiveCfg = Debug|Any CPU
		{3281BB31-B15D-48E7-9D6E-E579B54CEDCC}.Debug|Any CPU.Build.0 = Debug|Any CPU
		{3281BB31-B15D-48E7-9D6E-E579B54CEDCC}.Release|Any CPU.ActiveCfg = Release|Any CPU
		{3281BB31-B15D-48E7-9D6E-E579B54CEDCC}.Release|Any CPU.Build.0 = Release|Any CPU
		{AC79F854-EAF2-40EB-862E-BFF38CCF9ED2}.Debug|Any CPU.ActiveCfg = Debug|Any CPU
		{AC79F854-EAF2-40EB-862E-BFF38CCF9ED2}.Debug|Any CPU.Build.0 = Debug|Any CPU
		{AC79F854-EAF2-40EB-862E-BFF38CCF9ED2}.Release|Any CPU.ActiveCfg = Release|Any CPU
		{AC79F854-EAF2-40EB-862E-BFF38CCF9ED2}.Release|Any CPU.Build.0 = Release|Any CPU
		{2775E210-92E6-4727-8DBB-18DD6D75C255}.Debug|Any CPU.ActiveCfg = Debug|Any CPU
		{2775E210-92E6-4727-8DBB-18DD6D75C255}.Debug|Any CPU.Build.0 = Debug|Any CPU
		{2775E210-92E6-4727-8DBB-18DD6D75C255}.Release|Any CPU.ActiveCfg = Release|Any CPU
		{2775E210-92E6-4727-8DBB-18DD6D75C255}.Release|Any CPU.Build.0 = Release|Any CPU
		{0115A7D7-CE38-451C-80EA-1F11E546AFEC}.Debug|Any CPU.ActiveCfg = Debug|Any CPU
		{0115A7D7-CE38-451C-80EA-1F11E546AFEC}.Debug|Any CPU.Build.0 = Debug|Any CPU
		{0115A7D7-CE38-451C-80EA-1F11E546AFEC}.Release|Any CPU.ActiveCfg = Release|Any CPU
		{0115A7D7-CE38-451C-80EA-1F11E546AFEC}.Release|Any CPU.Build.0 = Release|Any CPU
		{C3176EEB-1046-4EDD-855E-BBF4EB252A73}.Debug|Any CPU.ActiveCfg = Debug|Any CPU
		{C3176EEB-1046-4EDD-855E-BBF4EB252A73}.Debug|Any CPU.Build.0 = Debug|Any CPU
		{C3176EEB-1046-4EDD-855E-BBF4EB252A73}.Release|Any CPU.ActiveCfg = Release|Any CPU
		{C3176EEB-1046-4EDD-855E-BBF4EB252A73}.Release|Any CPU.Build.0 = Release|Any CPU
		{43096890-B596-43B2-A039-DB230DB6195D}.Debug|Any CPU.ActiveCfg = Debug|Any CPU
		{43096890-B596-43B2-A039-DB230DB6195D}.Debug|Any CPU.Build.0 = Debug|Any CPU
		{43096890-B596-43B2-A039-DB230DB6195D}.Release|Any CPU.ActiveCfg = Release|Any CPU
		{43096890-B596-43B2-A039-DB230DB6195D}.Release|Any CPU.Build.0 = Release|Any CPU
		{A5F41A3E-7B54-47E6-B1D5-37D3DD130CAF}.Debug|Any CPU.ActiveCfg = Debug|Any CPU
		{A5F41A3E-7B54-47E6-B1D5-37D3DD130CAF}.Debug|Any CPU.Build.0 = Debug|Any CPU
		{A5F41A3E-7B54-47E6-B1D5-37D3DD130CAF}.Release|Any CPU.ActiveCfg = Release|Any CPU
		{A5F41A3E-7B54-47E6-B1D5-37D3DD130CAF}.Release|Any CPU.Build.0 = Release|Any CPU
	EndGlobalSection
	GlobalSection(SolutionProperties) = preSolution
		HideSolutionNode = FALSE
	EndGlobalSection
	GlobalSection(ExtensibilityGlobals) = postSolution
		SolutionGuid = {3828DE9A-B16E-40B4-B960-353331BDCEAF}
	EndGlobalSection
EndGlobal
